
Microsoft Visual Studio Solution File, Format Version 12.00
# Visual Studio Version 17
VisualStudioVersion = 17.9.34701.34
MinimumVisualStudioVersion = 10.0.40219.1
Project("{FAE04EC0-301F-11D3-BF4B-00C04F79EFBC}") = "sklep", "sklep\sklep.csproj", "{DFD55C38-D487-43BF-9AF4-535C3CC20A09}"
EndProject
Project("{FAE04EC0-301F-11D3-BF4B-00C04F79EFBC}") = "klientA", "klientA\klientA.csproj", "{14C7ACA1-3493-4DAB-810B-A496A5A4055D}"
EndProject
Project("{FAE04EC0-301F-11D3-BF4B-00C04F79EFBC}") = "klientB", "klientB\klientB.csproj", "{7F4A25B8-7BFD-4A6A-9CC7-29940363256C}"
EndProject
Project("{FAE04EC0-301F-11D3-BF4B-00C04F79EFBC}") = "magazyn", "magazyn\magazyn.csproj", "{83F221CC-D6EC-483E-AF85-823EFFC12F36}"
EndProject
Project("{FAE04EC0-301F-11D3-BF4B-00C04F79EFBC}") = "Komunikaty", "Komunikaty\Komunikaty.csproj", "{9C7A7187-E646-4FCD-BD6C-EAC3854EB899}"
EndProject
Global
	GlobalSection(SolutionConfigurationPlatforms) = preSolution
		Debug|Any CPU = Debug|Any CPU
		Release|Any CPU = Release|Any CPU
	EndGlobalSection
	GlobalSection(ProjectConfigurationPlatforms) = postSolution
		{DFD55C38-D487-43BF-9AF4-535C3CC20A09}.Debug|Any CPU.ActiveCfg = Debug|Any CPU
		{DFD55C38-D487-43BF-9AF4-535C3CC20A09}.Debug|Any CPU.Build.0 = Debug|Any CPU
		{DFD55C38-D487-43BF-9AF4-535C3CC20A09}.Release|Any CPU.ActiveCfg = Release|Any CPU
		{DFD55C38-D487-43BF-9AF4-535C3CC20A09}.Release|Any CPU.Build.0 = Release|Any CPU
		{14C7ACA1-3493-4DAB-810B-A496A5A4055D}.Debug|Any CPU.ActiveCfg = Debug|Any CPU
		{14C7ACA1-3493-4DAB-810B-A496A5A4055D}.Debug|Any CPU.Build.0 = Debug|Any CPU
		{14C7ACA1-3493-4DAB-810B-A496A5A4055D}.Release|Any CPU.ActiveCfg = Release|Any CPU
		{14C7ACA1-3493-4DAB-810B-A496A5A4055D}.Release|Any CPU.Build.0 = Release|Any CPU
		{7F4A25B8-7BFD-4A6A-9CC7-29940363256C}.Debug|Any CPU.ActiveCfg = Debug|Any CPU
		{7F4A25B8-7BFD-4A6A-9CC7-29940363256C}.Debug|Any CPU.Build.0 = Debug|Any CPU
		{7F4A25B8-7BFD-4A6A-9CC7-29940363256C}.Release|Any CPU.ActiveCfg = Release|Any CPU
		{7F4A25B8-7BFD-4A6A-9CC7-29940363256C}.Release|Any CPU.Build.0 = Release|Any CPU
		{83F221CC-D6EC-483E-AF85-823EFFC12F36}.Debug|Any CPU.ActiveCfg = Debug|Any CPU
		{83F221CC-D6EC-483E-AF85-823EFFC12F36}.Debug|Any CPU.Build.0 = Debug|Any CPU
		{83F221CC-D6EC-483E-AF85-823EFFC12F36}.Release|Any CPU.ActiveCfg = Release|Any CPU
		{83F221CC-D6EC-483E-AF85-823EFFC12F36}.Release|Any CPU.Build.0 = Release|Any CPU
		{9C7A7187-E646-4FCD-BD6C-EAC3854EB899}.Debug|Any CPU.ActiveCfg = Debug|Any CPU
		{9C7A7187-E646-4FCD-BD6C-EAC3854EB899}.Debug|Any CPU.Build.0 = Debug|Any CPU
		{9C7A7187-E646-4FCD-BD6C-EAC3854EB899}.Release|Any CPU.ActiveCfg = Release|Any CPU
		{9C7A7187-E646-4FCD-BD6C-EAC3854EB899}.Release|Any CPU.Build.0 = Release|Any CPU
	EndGlobalSection
	GlobalSection(SolutionProperties) = preSolution
		HideSolutionNode = FALSE
	EndGlobalSection
	GlobalSection(ExtensibilityGlobals) = postSolution
		SolutionGuid = {B1360F38-3F6F-4614-8181-C1DB4C7B1119}
	EndGlobalSection
EndGlobal
