
Microsoft Visual Studio Solution File, Format Version 12.00
# Visual Studio Version 17
VisualStudioVersion = 17.2.32630.192
MinimumVisualStudioVersion = 10.0.40219.1
Project("{FAE04EC0-301F-11D3-BF4B-00C04F79EFBC}") = "Wydawca_188593", "Wydawca_188593\Wydawca_188593.csproj", "{23D8BE22-B8D6-4157-8B21-B2461675B887}"
EndProject
Project("{FAE04EC0-301F-11D3-BF4B-00C04F79EFBC}") = "Komunikaty", "Komunikaty\Komunikaty.csproj", "{B14F1032-B8E5-46AA-B3CE-DA35EE5E70C6}"
EndProject
Project("{FAE04EC0-301F-11D3-BF4B-00C04F79EFBC}") = "Kontroller", "Kontroller\Kontroller.csproj", "{7DBF7209-6A6A-48FA-B82A-382D9BB8B367}"
EndProject
Project("{FAE04EC0-301F-11D3-BF4B-00C04F79EFBC}") = "Abonament_A", "Abonament_A\Abonament_A.csproj", "{282606A6-E0D2-4FB9-B083-68B7CDC5CFCF}"
EndProject
Project("{FAE04EC0-301F-11D3-BF4B-00C04F79EFBC}") = "Abonament_B", "Abonament_B\Abonament_B.csproj", "{7255021F-E775-42A9-82CB-5231A59824A0}"
EndProject
Global
	GlobalSection(SolutionConfigurationPlatforms) = preSolution
		Debug|Any CPU = Debug|Any CPU
		Release|Any CPU = Release|Any CPU
	EndGlobalSection
	GlobalSection(ProjectConfigurationPlatforms) = postSolution
		{23D8BE22-B8D6-4157-8B21-B2461675B887}.Debug|Any CPU.ActiveCfg = Debug|Any CPU
		{23D8BE22-B8D6-4157-8B21-B2461675B887}.Debug|Any CPU.Build.0 = Debug|Any CPU
		{23D8BE22-B8D6-4157-8B21-B2461675B887}.Release|Any CPU.ActiveCfg = Release|Any CPU
		{23D8BE22-B8D6-4157-8B21-B2461675B887}.Release|Any CPU.Build.0 = Release|Any CPU
		{B14F1032-B8E5-46AA-B3CE-DA35EE5E70C6}.Debug|Any CPU.ActiveCfg = Debug|Any CPU
		{B14F1032-B8E5-46AA-B3CE-DA35EE5E70C6}.Debug|Any CPU.Build.0 = Debug|Any CPU
		{B14F1032-B8E5-46AA-B3CE-DA35EE5E70C6}.Release|Any CPU.ActiveCfg = Release|Any CPU
		{B14F1032-B8E5-46AA-B3CE-DA35EE5E70C6}.Release|Any CPU.Build.0 = Release|Any CPU
		{7DBF7209-6A6A-48FA-B82A-382D9BB8B367}.Debug|Any CPU.ActiveCfg = Debug|Any CPU
		{7DBF7209-6A6A-48FA-B82A-382D9BB8B367}.Debug|Any CPU.Build.0 = Debug|Any CPU
		{7DBF7209-6A6A-48FA-B82A-382D9BB8B367}.Release|Any CPU.ActiveCfg = Release|Any CPU
		{7DBF7209-6A6A-48FA-B82A-382D9BB8B367}.Release|Any CPU.Build.0 = Release|Any CPU
		{282606A6-E0D2-4FB9-B083-68B7CDC5CFCF}.Debug|Any CPU.ActiveCfg = Debug|Any CPU
		{282606A6-E0D2-4FB9-B083-68B7CDC5CFCF}.Debug|Any CPU.Build.0 = Debug|Any CPU
		{282606A6-E0D2-4FB9-B083-68B7CDC5CFCF}.Release|Any CPU.ActiveCfg = Release|Any CPU
		{282606A6-E0D2-4FB9-B083-68B7CDC5CFCF}.Release|Any CPU.Build.0 = Release|Any CPU
		{7255021F-E775-42A9-82CB-5231A59824A0}.Debug|Any CPU.ActiveCfg = Debug|Any CPU
		{7255021F-E775-42A9-82CB-5231A59824A0}.Debug|Any CPU.Build.0 = Debug|Any CPU
		{7255021F-E775-42A9-82CB-5231A59824A0}.Release|Any CPU.ActiveCfg = Release|Any CPU
		{7255021F-E775-42A9-82CB-5231A59824A0}.Release|Any CPU.Build.0 = Release|Any CPU
	EndGlobalSection
	GlobalSection(SolutionProperties) = preSolution
		HideSolutionNode = FALSE
	EndGlobalSection
	GlobalSection(ExtensibilityGlobals) = postSolution
		SolutionGuid = {02792112-6EA1-413D-B87A-B4A41BBCCAEB}
	EndGlobalSection
EndGlobal
